
Microsoft Visual Studio Solution File, Format Version 12.00
# Visual Studio Version 16
VisualStudioVersion = 16.0.30204.135
MinimumVisualStudioVersion = 10.0.40219.1
Project("{FAE04EC0-301F-11D3-BF4B-00C04F79EFBC}") = "ICA_Gospel_App.UWP", "ICA_Gospel_App.UWP\ICA_Gospel_App.UWP.csproj", "{0D74B370-FF85-4BA7-B4EF-04AF12AB6594}"
EndProject
Project("{FAE04EC0-301F-11D3-BF4B-00C04F79EFBC}") = "ICA_Gospel_App.Android", "ICA_Gospel_App.Android\ICA_Gospel_App.Android.csproj", "{F12C2970-56EA-450A-9A38-A1E5D94E024F}"
EndProject
Project("{FAE04EC0-301F-11D3-BF4B-00C04F79EFBC}") = "ICA_Gospel_App.iOS", "ICA_Gospel_App.iOS\ICA_Gospel_App.iOS.csproj", "{D5804AD4-1800-49A4-A107-BAD23A184333}"
EndProject
Project("{FAE04EC0-301F-11D3-BF4B-00C04F79EFBC}") = "ICA_Gospel_App", "ICA_Gospel_App\ICA_Gospel_App.csproj", "{3EB3F36A-2263-4656-8F19-AEC0775D1E25}"
EndProject
Global
	GlobalSection(SolutionConfigurationPlatforms) = preSolution
		Debug|Any CPU = Debug|Any CPU
		Debug|ARM = Debug|ARM
		Debug|iPhone = Debug|iPhone
		Debug|iPhoneSimulator = Debug|iPhoneSimulator
		Debug|x64 = Debug|x64
		Debug|x86 = Debug|x86
		Release|Any CPU = Release|Any CPU
		Release|ARM = Release|ARM
		Release|iPhone = Release|iPhone
		Release|iPhoneSimulator = Release|iPhoneSimulator
		Release|x64 = Release|x64
		Release|x86 = Release|x86
	EndGlobalSection
	GlobalSection(ProjectConfigurationPlatforms) = postSolution
		{0D74B370-FF85-4BA7-B4EF-04AF12AB6594}.Debug|Any CPU.ActiveCfg = Debug|x86
		{0D74B370-FF85-4BA7-B4EF-04AF12AB6594}.Debug|Any CPU.Build.0 = Debug|x86
		{0D74B370-FF85-4BA7-B4EF-04AF12AB6594}.Debug|Any CPU.Deploy.0 = Debug|x86
		{0D74B370-FF85-4BA7-B4EF-04AF12AB6594}.Debug|ARM.ActiveCfg = Debug|ARM
		{0D74B370-FF85-4BA7-B4EF-04AF12AB6594}.Debug|ARM.Build.0 = Debug|ARM
		{0D74B370-FF85-4BA7-B4EF-04AF12AB6594}.Debug|ARM.Deploy.0 = Debug|ARM
		{0D74B370-FF85-4BA7-B4EF-04AF12AB6594}.Debug|iPhone.ActiveCfg = Debug|x86
		{0D74B370-FF85-4BA7-B4EF-04AF12AB6594}.Debug|iPhone.Build.0 = Debug|x86
		{0D74B370-FF85-4BA7-B4EF-04AF12AB6594}.Debug|iPhone.Deploy.0 = Debug|x86
		{0D74B370-FF85-4BA7-B4EF-04AF12AB6594}.Debug|iPhoneSimulator.ActiveCfg = Debug|x86
		{0D74B370-FF85-4BA7-B4EF-04AF12AB6594}.Debug|iPhoneSimulator.Build.0 = Debug|x86
		{0D74B370-FF85-4BA7-B4EF-04AF12AB6594}.Debug|iPhoneSimulator.Deploy.0 = Debug|x86
		{0D74B370-FF85-4BA7-B4EF-04AF12AB6594}.Debug|x64.ActiveCfg = Debug|x64
		{0D74B370-FF85-4BA7-B4EF-04AF12AB6594}.Debug|x64.Build.0 = Debug|x64
		{0D74B370-FF85-4BA7-B4EF-04AF12AB6594}.Debug|x64.Deploy.0 = Debug|x64
		{0D74B370-FF85-4BA7-B4EF-04AF12AB6594}.Debug|x86.ActiveCfg = Debug|x86
		{0D74B370-FF85-4BA7-B4EF-04AF12AB6594}.Debug|x86.Build.0 = Debug|x86
		{0D74B370-FF85-4BA7-B4EF-04AF12AB6594}.Debug|x86.Deploy.0 = Debug|x86
		{0D74B370-FF85-4BA7-B4EF-04AF12AB6594}.Release|Any CPU.ActiveCfg = Release|x86
		{0D74B370-FF85-4BA7-B4EF-04AF12AB6594}.Release|Any CPU.Build.0 = Release|x86
		{0D74B370-FF85-4BA7-B4EF-04AF12AB6594}.Release|Any CPU.Deploy.0 = Release|x86
		{0D74B370-FF85-4BA7-B4EF-04AF12AB6594}.Release|ARM.ActiveCfg = Release|ARM
		{0D74B370-FF85-4BA7-B4EF-04AF12AB6594}.Release|ARM.Build.0 = Release|ARM
		{0D74B370-FF85-4BA7-B4EF-04AF12AB6594}.Release|ARM.Deploy.0 = Release|ARM
		{0D74B370-FF85-4BA7-B4EF-04AF12AB6594}.Release|iPhone.ActiveCfg = Release|x86
		{0D74B370-FF85-4BA7-B4EF-04AF12AB6594}.Release|iPhone.Build.0 = Release|x86
		{0D74B370-FF85-4BA7-B4EF-04AF12AB6594}.Release|iPhone.Deploy.0 = Release|x86
		{0D74B370-FF85-4BA7-B4EF-04AF12AB6594}.Release|iPhoneSimulator.ActiveCfg = Release|x86
		{0D74B370-FF85-4BA7-B4EF-04AF12AB6594}.Release|iPhoneSimulator.Build.0 = Release|x86
		{0D74B370-FF85-4BA7-B4EF-04AF12AB6594}.Release|iPhoneSimulator.Deploy.0 = Release|x86
		{0D74B370-FF85-4BA7-B4EF-04AF12AB6594}.Release|x64.ActiveCfg = Release|x64
		{0D74B370-FF85-4BA7-B4EF-04AF12AB6594}.Release|x64.Build.0 = Release|x64
		{0D74B370-FF85-4BA7-B4EF-04AF12AB6594}.Release|x64.Deploy.0 = Release|x64
		{0D74B370-FF85-4BA7-B4EF-04AF12AB6594}.Release|x86.ActiveCfg = Release|x86
		{0D74B370-FF85-4BA7-B4EF-04AF12AB6594}.Release|x86.Build.0 = Release|x86
		{0D74B370-FF85-4BA7-B4EF-04AF12AB6594}.Release|x86.Deploy.0 = Release|x86
		{F12C2970-56EA-450A-9A38-A1E5D94E024F}.Debug|Any CPU.ActiveCfg = Debug|Any CPU
		{F12C2970-56EA-450A-9A38-A1E5D94E024F}.Debug|Any CPU.Build.0 = Debug|Any CPU
		{F12C2970-56EA-450A-9A38-A1E5D94E024F}.Debug|Any CPU.Deploy.0 = Debug|Any CPU
		{F12C2970-56EA-450A-9A38-A1E5D94E024F}.Debug|ARM.ActiveCfg = Debug|Any CPU
		{F12C2970-56EA-450A-9A38-A1E5D94E024F}.Debug|ARM.Build.0 = Debug|Any CPU
		{F12C2970-56EA-450A-9A38-A1E5D94E024F}.Debug|ARM.Deploy.0 = Debug|Any CPU
		{F12C2970-56EA-450A-9A38-A1E5D94E024F}.Debug|iPhone.ActiveCfg = Debug|Any CPU
		{F12C2970-56EA-450A-9A38-A1E5D94E024F}.Debug|iPhone.Build.0 = Debug|Any CPU
		{F12C2970-56EA-450A-9A38-A1E5D94E024F}.Debug|iPhone.Deploy.0 = Debug|Any CPU
		{F12C2970-56EA-450A-9A38-A1E5D94E024F}.Debug|iPhoneSimulator.ActiveCfg = Debug|Any CPU
		{F12C2970-56EA-450A-9A38-A1E5D94E024F}.Debug|iPhoneSimulator.Build.0 = Debug|Any CPU
		{F12C2970-56EA-450A-9A38-A1E5D94E024F}.Debug|iPhoneSimulator.Deploy.0 = Debug|Any CPU
		{F12C2970-56EA-450A-9A38-A1E5D94E024F}.Debug|x64.ActiveCfg = Debug|Any CPU
		{F12C2970-56EA-450A-9A38-A1E5D94E024F}.Debug|x64.Build.0 = Debug|Any CPU
		{F12C2970-56EA-450A-9A38-A1E5D94E024F}.Debug|x64.Deploy.0 = Debug|Any CPU
		{F12C2970-56EA-450A-9A38-A1E5D94E024F}.Debug|x86.ActiveCfg = Debug|Any CPU
		{F12C2970-56EA-450A-9A38-A1E5D94E024F}.Debug|x86.Build.0 = Debug|Any CPU
		{F12C2970-56EA-450A-9A38-A1E5D94E024F}.Debug|x86.Deploy.0 = Debug|Any CPU
		{F12C2970-56EA-450A-9A38-A1E5D94E024F}.Release|Any CPU.ActiveCfg = Release|Any CPU
		{F12C2970-56EA-450A-9A38-A1E5D94E024F}.Release|Any CPU.Build.0 = Release|Any CPU
		{F12C2970-56EA-450A-9A38-A1E5D94E024F}.Release|Any CPU.Deploy.0 = Release|Any CPU
		{F12C2970-56EA-450A-9A38-A1E5D94E024F}.Release|ARM.ActiveCfg = Release|Any CPU
		{F12C2970-56EA-450A-9A38-A1E5D94E024F}.Release|ARM.Build.0 = Release|Any CPU
		{F12C2970-56EA-450A-9A38-A1E5D94E024F}.Release|ARM.Deploy.0 = Release|Any CPU
		{F12C2970-56EA-450A-9A38-A1E5D94E024F}.Release|iPhone.ActiveCfg = Release|Any CPU
		{F12C2970-56EA-450A-9A38-A1E5D94E024F}.Release|iPhone.Build.0 = Release|Any CPU
		{F12C2970-56EA-450A-9A38-A1E5D94E024F}.Release|iPhone.Deploy.0 = Release|Any CPU
		{F12C2970-56EA-450A-9A38-A1E5D94E024F}.Release|iPhoneSimulator.ActiveCfg = Release|Any CPU
		{F12C2970-56EA-450A-9A38-A1E5D94E024F}.Release|iPhoneSimulator.Build.0 = Release|Any CPU
		{F12C2970-56EA-450A-9A38-A1E5D94E024F}.Release|iPhoneSimulator.Deploy.0 = Release|Any CPU
		{F12C2970-56EA-450A-9A38-A1E5D94E024F}.Release|x64.ActiveCfg = Release|Any CPU
		{F12C2970-56EA-450A-9A38-A1E5D94E024F}.Release|x64.Build.0 = Release|Any CPU
		{F12C2970-56EA-450A-9A38-A1E5D94E024F}.Release|x64.Deploy.0 = Release|Any CPU
		{F12C2970-56EA-450A-9A38-A1E5D94E024F}.Release|x86.ActiveCfg = Release|Any CPU
		{F12C2970-56EA-450A-9A38-A1E5D94E024F}.Release|x86.Build.0 = Release|Any CPU
		{F12C2970-56EA-450A-9A38-A1E5D94E024F}.Release|x86.Deploy.0 = Release|Any CPU
		{D5804AD4-1800-49A4-A107-BAD23A184333}.Debug|Any CPU.ActiveCfg = Debug|iPhone
		{D5804AD4-1800-49A4-A107-BAD23A184333}.Debug|Any CPU.Build.0 = Debug|iPhone
		{D5804AD4-1800-49A4-A107-BAD23A184333}.Debug|Any CPU.Deploy.0 = Debug|iPhone
		{D5804AD4-1800-49A4-A107-BAD23A184333}.Debug|ARM.ActiveCfg = Debug|iPhone
		{D5804AD4-1800-49A4-A107-BAD23A184333}.Debug|ARM.Build.0 = Debug|iPhone
		{D5804AD4-1800-49A4-A107-BAD23A184333}.Debug|ARM.Deploy.0 = Debug|iPhone
		{D5804AD4-1800-49A4-A107-BAD23A184333}.Debug|iPhone.ActiveCfg = Debug|iPhone
		{D5804AD4-1800-49A4-A107-BAD23A184333}.Debug|iPhone.Build.0 = Debug|iPhone
		{D5804AD4-1800-49A4-A107-BAD23A184333}.Debug|iPhone.Deploy.0 = Debug|iPhone
		{D5804AD4-1800-49A4-A107-BAD23A184333}.Debug|iPhoneSimulator.ActiveCfg = Debug|iPhoneSimulator
		{D5804AD4-1800-49A4-A107-BAD23A184333}.Debug|iPhoneSimulator.Build.0 = Debug|iPhoneSimulator
		{D5804AD4-1800-49A4-A107-BAD23A184333}.Debug|iPhoneSimulator.Deploy.0 = Debug|iPhoneSimulator
		{D5804AD4-1800-49A4-A107-BAD23A184333}.Debug|x64.ActiveCfg = Debug|iPhone
		{D5804AD4-1800-49A4-A107-BAD23A184333}.Debug|x64.Build.0 = Debug|iPhone
		{D5804AD4-1800-49A4-A107-BAD23A184333}.Debug|x64.Deploy.0 = Debug|iPhone
		{D5804AD4-1800-49A4-A107-BAD23A184333}.Debug|x86.ActiveCfg = Debug|iPhone
		{D5804AD4-1800-49A4-A107-BAD23A184333}.Debug|x86.Build.0 = Debug|iPhone
		{D5804AD4-1800-49A4-A107-BAD23A184333}.Debug|x86.Deploy.0 = Debug|iPhone
		{D5804AD4-1800-49A4-A107-BAD23A184333}.Release|Any CPU.ActiveCfg = Release|iPhone
		{D5804AD4-1800-49A4-A107-BAD23A184333}.Release|Any CPU.Build.0 = Release|iPhone
		{D5804AD4-1800-49A4-A107-BAD23A184333}.Release|Any CPU.Deploy.0 = Release|iPhone
		{D5804AD4-1800-49A4-A107-BAD23A184333}.Release|ARM.ActiveCfg = Release|iPhone
		{D5804AD4-1800-49A4-A107-BAD23A184333}.Release|ARM.Build.0 = Release|iPhone
		{D5804AD4-1800-49A4-A107-BAD23A184333}.Release|ARM.Deploy.0 = Release|iPhone
		{D5804AD4-1800-49A4-A107-BAD23A184333}.Release|iPhone.ActiveCfg = Release|iPhone
		{D5804AD4-1800-49A4-A107-BAD23A184333}.Release|iPhone.Build.0 = Release|iPhone
		{D5804AD4-1800-49A4-A107-BAD23A184333}.Release|iPhone.Deploy.0 = Release|iPhone
		{D5804AD4-1800-49A4-A107-BAD23A184333}.Release|iPhoneSimulator.ActiveCfg = Release|iPhoneSimulator
		{D5804AD4-1800-49A4-A107-BAD23A184333}.Release|iPhoneSimulator.Build.0 = Release|iPhoneSimulator
		{D5804AD4-1800-49A4-A107-BAD23A184333}.Release|iPhoneSimulator.Deploy.0 = Release|iPhoneSimulator
		{D5804AD4-1800-49A4-A107-BAD23A184333}.Release|x64.ActiveCfg = Release|iPhone
		{D5804AD4-1800-49A4-A107-BAD23A184333}.Release|x64.Build.0 = Release|iPhone
		{D5804AD4-1800-49A4-A107-BAD23A184333}.Release|x64.Deploy.0 = Release|iPhone
		{D5804AD4-1800-49A4-A107-BAD23A184333}.Release|x86.ActiveCfg = Release|iPhone
		{D5804AD4-1800-49A4-A107-BAD23A184333}.Release|x86.Build.0 = Release|iPhone
		{D5804AD4-1800-49A4-A107-BAD23A184333}.Release|x86.Deploy.0 = Release|iPhone
		{3EB3F36A-2263-4656-8F19-AEC0775D1E25}.Debug|Any CPU.ActiveCfg = Debug|Any CPU
		{3EB3F36A-2263-4656-8F19-AEC0775D1E25}.Debug|Any CPU.Build.0 = Debug|Any CPU
		{3EB3F36A-2263-4656-8F19-AEC0775D1E25}.Debug|Any CPU.Deploy.0 = Debug|Any CPU
		{3EB3F36A-2263-4656-8F19-AEC0775D1E25}.Debug|ARM.ActiveCfg = Debug|Any CPU
		{3EB3F36A-2263-4656-8F19-AEC0775D1E25}.Debug|ARM.Build.0 = Debug|Any CPU
		{3EB3F36A-2263-4656-8F19-AEC0775D1E25}.Debug|ARM.Deploy.0 = Debug|Any CPU
		{3EB3F36A-2263-4656-8F19-AEC0775D1E25}.Debug|iPhone.ActiveCfg = Debug|Any CPU
		{3EB3F36A-2263-4656-8F19-AEC0775D1E25}.Debug|iPhone.Build.0 = Debug|Any CPU
		{3EB3F36A-2263-4656-8F19-AEC0775D1E25}.Debug|iPhone.Deploy.0 = Debug|Any CPU
		{3EB3F36A-2263-4656-8F19-AEC0775D1E25}.Debug|iPhoneSimulator.ActiveCfg = Debug|Any CPU
		{3EB3F36A-2263-4656-8F19-AEC0775D1E25}.Debug|iPhoneSimulator.Build.0 = Debug|Any CPU
		{3EB3F36A-2263-4656-8F19-AEC0775D1E25}.Debug|iPhoneSimulator.Deploy.0 = Debug|Any CPU
		{3EB3F36A-2263-4656-8F19-AEC0775D1E25}.Debug|x64.ActiveCfg = Debug|Any CPU
		{3EB3F36A-2263-4656-8F19-AEC0775D1E25}.Debug|x64.Build.0 = Debug|Any CPU
		{3EB3F36A-2263-4656-8F19-AEC0775D1E25}.Debug|x64.Deploy.0 = Debug|Any CPU
		{3EB3F36A-2263-4656-8F19-AEC0775D1E25}.Debug|x86.ActiveCfg = Debug|Any CPU
		{3EB3F36A-2263-4656-8F19-AEC0775D1E25}.Debug|x86.Build.0 = Debug|Any CPU
		{3EB3F36A-2263-4656-8F19-AEC0775D1E25}.Debug|x86.Deploy.0 = Debug|Any CPU
		{3EB3F36A-2263-4656-8F19-AEC0775D1E25}.Release|Any CPU.ActiveCfg = Release|Any CPU
		{3EB3F36A-2263-4656-8F19-AEC0775D1E25}.Release|Any CPU.Build.0 = Release|Any CPU
		{3EB3F36A-2263-4656-8F19-AEC0775D1E25}.Release|Any CPU.Deploy.0 = Release|Any CPU
		{3EB3F36A-2263-4656-8F19-AEC0775D1E25}.Release|ARM.ActiveCfg = Release|Any CPU
		{3EB3F36A-2263-4656-8F19-AEC0775D1E25}.Release|ARM.Build.0 = Release|Any CPU
		{3EB3F36A-2263-4656-8F19-AEC0775D1E25}.Release|ARM.Deploy.0 = Release|Any CPU
		{3EB3F36A-2263-4656-8F19-AEC0775D1E25}.Release|iPhone.ActiveCfg = Release|Any CPU
		{3EB3F36A-2263-4656-8F19-AEC0775D1E25}.Release|iPhone.Build.0 = Release|Any CPU
		{3EB3F36A-2263-4656-8F19-AEC0775D1E25}.Release|iPhone.Deploy.0 = Release|Any CPU
		{3EB3F36A-2263-4656-8F19-AEC0775D1E25}.Release|iPhoneSimulator.ActiveCfg = Release|Any CPU
		{3EB3F36A-2263-4656-8F19-AEC0775D1E25}.Release|iPhoneSimulator.Build.0 = Release|Any CPU
		{3EB3F36A-2263-4656-8F19-AEC0775D1E25}.Release|iPhoneSimulator.Deploy.0 = Release|Any CPU
		{3EB3F36A-2263-4656-8F19-AEC0775D1E25}.Release|x64.ActiveCfg = Release|Any CPU
		{3EB3F36A-2263-4656-8F19-AEC0775D1E25}.Release|x64.Build.0 = Release|Any CPU
		{3EB3F36A-2263-4656-8F19-AEC0775D1E25}.Release|x64.Deploy.0 = Release|Any CPU
		{3EB3F36A-2263-4656-8F19-AEC0775D1E25}.Release|x86.ActiveCfg = Release|Any CPU
		{3EB3F36A-2263-4656-8F19-AEC0775D1E25}.Release|x86.Build.0 = Release|Any CPU
		{3EB3F36A-2263-4656-8F19-AEC0775D1E25}.Release|x86.Deploy.0 = Release|Any CPU
	EndGlobalSection
	GlobalSection(SolutionProperties) = preSolution
		HideSolutionNode = FALSE
	EndGlobalSection
	GlobalSection(ExtensibilityGlobals) = postSolution
		SolutionGuid = {519C098D-0E0A-4EE1-BDDE-D9F8BE417D3C}
	EndGlobalSection
EndGlobal
